
Microsoft Visual Studio Solution File, Format Version 12.00
# Visual Studio Version 17
VisualStudioVersion = 17.4.33213.308
MinimumVisualStudioVersion = 10.0.40219.1
Project("{FAE04EC0-301F-11D3-BF4B-00C04F79EFBC}") = "Types", "Types\Types.csproj", "{2DB1632E-DE32-4BB5-A087-12BF9ED5DEFC}"
EndProject
Global
	GlobalSection(SolutionConfigurationPlatforms) = preSolution
		Debug|Any CPU = Debug|Any CPU
		Release|Any CPU = Release|Any CPU
	EndGlobalSection
	GlobalSection(ProjectConfigurationPlatforms) = postSolution
		{2DB1632E-DE32-4BB5-A087-12BF9ED5DEFC}.Debug|Any CPU.ActiveCfg = Debug|Any CPU
		{2DB1632E-DE32-4BB5-A087-12BF9ED5DEFC}.Debug|Any CPU.Build.0 = Debug|Any CPU
		{2DB1632E-DE32-4BB5-A087-12BF9ED5DEFC}.Release|Any CPU.ActiveCfg = Release|Any CPU
		{2DB1632E-DE32-4BB5-A087-12BF9ED5DEFC}.Release|Any CPU.Build.0 = Release|Any CPU
	EndGlobalSection
	GlobalSection(SolutionProperties) = preSolution
		HideSolutionNode = FALSE
	EndGlobalSection
	GlobalSection(ExtensibilityGlobals) = postSolution
		SolutionGuid = {BF327573-BF9C-4DD8-998D-066B627B9BD1}
	EndGlobalSection
EndGlobal
